
Microsoft Visual Studio Solution File, Format Version 12.00
# Visual Studio Version 16
VisualStudioVersion = 16.0.29613.14
MinimumVisualStudioVersion = 10.0.40219.1
Project("{FAE04EC0-301F-11D3-BF4B-00C04F79EFBC}") = "TextEditor", "TextEditor.csproj", "{5B754A4E-5C19-4656-81B9-5F6DCAFECAC8}"
EndProject
Global
	GlobalSection(SolutionConfigurationPlatforms) = preSolution
		Debug|Any CPU = Debug|Any CPU
		Release|Any CPU = Release|Any CPU
	EndGlobalSection
	GlobalSection(ProjectConfigurationPlatforms) = postSolution
		{5B754A4E-5C19-4656-81B9-5F6DCAFECAC8}.Debug|Any CPU.ActiveCfg = Debug|Any CPU
		{5B754A4E-5C19-4656-81B9-5F6DCAFECAC8}.Debug|Any CPU.Build.0 = Debug|Any CPU
		{5B754A4E-5C19-4656-81B9-5F6DCAFECAC8}.Release|Any CPU.ActiveCfg = Release|Any CPU
		{5B754A4E-5C19-4656-81B9-5F6DCAFECAC8}.Release|Any CPU.Build.0 = Release|Any CPU
	EndGlobalSection
	GlobalSection(SolutionProperties) = preSolution
		HideSolutionNode = FALSE
	EndGlobalSection
	GlobalSection(ExtensibilityGlobals) = postSolution
		SolutionGuid = {CE1DD01D-A41F-4FB6-8060-052A2F0EA135}
	EndGlobalSection
EndGlobal
